// !$*UTF8*$!
{
	archiveVersion = 1;
	classes = {
	};
	objectVersion = 48;
	objects = {

/* Begin PBXBuildFile section */
		03A4C83C200A31670003BBE3 /* HoverViewController.swift in Sources */ = {isa = PBXBuildFile; fileRef = 03A4C83B200A31670003BBE3 /* HoverViewController.swift */; };
		03A4C83E200A34D30003BBE3 /* UIViewController+ChildViewController.swift in Sources */ = {isa = PBXBuildFile; fileRef = 03A4C83D200A34D30003BBE3 /* UIViewController+ChildViewController.swift */; };
		03DCA84C1FFD421D005F8491 /* AppDelegate.swift in Sources */ = {isa = PBXBuildFile; fileRef = 03DCA84B1FFD421D005F8491 /* AppDelegate.swift */; };
		03DCA8531FFD421D005F8491 /* Assets.xcassets in Resources */ = {isa = PBXBuildFile; fileRef = 03DCA8521FFD421D005F8491 /* Assets.xcassets */; };
		03DCA8561FFD421D005F8491 /* LaunchScreen.storyboard in Resources */ = {isa = PBXBuildFile; fileRef = 03DCA8541FFD421D005F8491 /* LaunchScreen.storyboard */; };
		03DCA8611FFD421D005F8491 /* HoverViewTests.swift in Sources */ = {isa = PBXBuildFile; fileRef = 03DCA8601FFD421D005F8491 /* HoverViewTests.swift */; };
		03DCA86C1FFD421D005F8491 /* HoverViewUITests.swift in Sources */ = {isa = PBXBuildFile; fileRef = 03DCA86B1FFD421D005F8491 /* HoverViewUITests.swift */; };
		03DCA87A1FFD438F005F8491 /* MainViewController.swift in Sources */ = {isa = PBXBuildFile; fileRef = 03DCA8791FFD438F005F8491 /* MainViewController.swift */; };
/* End PBXBuildFile section */

/* Begin PBXContainerItemProxy section */
		03DCA85D1FFD421D005F8491 /* PBXContainerItemProxy */ = {
			isa = PBXContainerItemProxy;
			containerPortal = 03DCA8401FFD421D005F8491 /* Project object */;
			proxyType = 1;
			remoteGlobalIDString = 03DCA8471FFD421D005F8491;
			remoteInfo = HoverView;
		};
		03DCA8681FFD421D005F8491 /* PBXContainerItemProxy */ = {
			isa = PBXContainerItemProxy;
			containerPortal = 03DCA8401FFD421D005F8491 /* Project object */;
			proxyType = 1;
			remoteGlobalIDString = 03DCA8471FFD421D005F8491;
			remoteInfo = HoverView;
		};
/* End PBXContainerItemProxy section */

/* Begin PBXFileReference section */
		03A4C83B200A31670003BBE3 /* HoverViewController.swift */ = {isa = PBXFileReference; lastKnownFileType = sourcecode.swift; path = HoverViewController.swift; sourceTree = "<group>"; };
		03A4C83D200A34D30003BBE3 /* UIViewController+ChildViewController.swift */ = {isa = PBXFileReference; lastKnownFileType = sourcecode.swift; path = "UIViewController+ChildViewController.swift"; sourceTree = "<group>"; };
		03DCA8481FFD421D005F8491 /* HoverView.app */ = {isa = PBXFileReference; explicitFileType = wrapper.application; includeInIndex = 0; path = HoverView.app; sourceTree = BUILT_PRODUCTS_DIR; };
		03DCA84B1FFD421D005F8491 /* AppDelegate.swift */ = {isa = PBXFileReference; lastKnownFileType = sourcecode.swift; path = AppDelegate.swift; sourceTree = "<group>"; };
		03DCA8521FFD421D005F8491 /* Assets.xcassets */ = {isa = PBXFileReference; lastKnownFileType = folder.assetcatalog; path = Assets.xcassets; sourceTree = "<group>"; };
		03DCA8551FFD421D005F8491 /* Base */ = {isa = PBXFileReference; lastKnownFileType = file.storyboard; name = Base; path = Base.lproj/LaunchScreen.storyboard; sourceTree = "<group>"; };
		03DCA8571FFD421D005F8491 /* Info.plist */ = {isa = PBXFileReference; lastKnownFileType = text.plist.xml; path = Info.plist; sourceTree = "<group>"; };
		03DCA85C1FFD421D005F8491 /* HoverViewTests.xctest */ = {isa = PBXFileReference; explicitFileType = wrapper.cfbundle; includeInIndex = 0; path = HoverViewTests.xctest; sourceTree = BUILT_PRODUCTS_DIR; };
		03DCA8601FFD421D005F8491 /* HoverViewTests.swift */ = {isa = PBXFileReference; lastKnownFileType = sourcecode.swift; path = HoverViewTests.swift; sourceTree = "<group>"; };
		03DCA8621FFD421D005F8491 /* Info.plist */ = {isa = PBXFileReference; lastKnownFileType = text.plist.xml; path = Info.plist; sourceTree = "<group>"; };
		03DCA8671FFD421D005F8491 /* HoverViewUITests.xctest */ = {isa = PBXFileReference; explicitFileType = wrapper.cfbundle; includeInIndex = 0; path = HoverViewUITests.xctest; sourceTree = BUILT_PRODUCTS_DIR; };
		03DCA86B1FFD421D005F8491 /* HoverViewUITests.swift */ = {isa = PBXFileReference; lastKnownFileType = sourcecode.swift; path = HoverViewUITests.swift; sourceTree = "<group>"; };
		03DCA86D1FFD421D005F8491 /* Info.plist */ = {isa = PBXFileReference; lastKnownFileType = text.plist.xml; path = Info.plist; sourceTree = "<group>"; };
		03DCA8791FFD438F005F8491 /* MainViewController.swift */ = {isa = PBXFileReference; lastKnownFileType = sourcecode.swift; path = MainViewController.swift; sourceTree = "<group>"; };
/* End PBXFileReference section */

/* Begin PBXFrameworksBuildPhase section */
		03DCA8451FFD421D005F8491 /* Frameworks */ = {
			isa = PBXFrameworksBuildPhase;
			buildActionMask = 2147483647;
			files = (
			);
			runOnlyForDeploymentPostprocessing = 0;
		};
		03DCA8591FFD421D005F8491 /* Frameworks */ = {
			isa = PBXFrameworksBuildPhase;
			buildActionMask = 2147483647;
			files = (
			);
			runOnlyForDeploymentPostprocessing = 0;
		};
		03DCA8641FFD421D005F8491 /* Frameworks */ = {
			isa = PBXFrameworksBuildPhase;
			buildActionMask = 2147483647;
			files = (
			);
			runOnlyForDeploymentPostprocessing = 0;
		};
/* End PBXFrameworksBuildPhase section */

/* Begin PBXGroup section */
		03DCA83F1FFD421D005F8491 = {
			isa = PBXGroup;
			children = (
				03DCA84A1FFD421D005F8491 /* HoverView */,
				03DCA85F1FFD421D005F8491 /* HoverViewTests */,
				03DCA86A1FFD421D005F8491 /* HoverViewUITests */,
				03DCA8491FFD421D005F8491 /* Products */,
			);
			sourceTree = "<group>";
		};
		03DCA8491FFD421D005F8491 /* Products */ = {
			isa = PBXGroup;
			children = (
				03DCA8481FFD421D005F8491 /* HoverView.app */,
				03DCA85C1FFD421D005F8491 /* HoverViewTests.xctest */,
				03DCA8671FFD421D005F8491 /* HoverViewUITests.xctest */,
			);
			name = Products;
			sourceTree = "<group>";
		};
		03DCA84A1FFD421D005F8491 /* HoverView */ = {
			isa = PBXGroup;
			children = (
				03DCA84B1FFD421D005F8491 /* AppDelegate.swift */,
				03DCA8521FFD421D005F8491 /* Assets.xcassets */,
				03DCA8541FFD421D005F8491 /* LaunchScreen.storyboard */,
				03DCA8571FFD421D005F8491 /* Info.plist */,
				03DCA8791FFD438F005F8491 /* MainViewController.swift */,
				03A4C83B200A31670003BBE3 /* HoverViewController.swift */,
				03A4C83D200A34D30003BBE3 /* UIViewController+ChildViewController.swift */,
			);
			path = HoverView;
			sourceTree = "<group>";
		};
		03DCA85F1FFD421D005F8491 /* HoverViewTests */ = {
			isa = PBXGroup;
			children = (
				03DCA8601FFD421D005F8491 /* HoverViewTests.swift */,
				03DCA8621FFD421D005F8491 /* Info.plist */,
			);
			path = HoverViewTests;
			sourceTree = "<group>";
		};
		03DCA86A1FFD421D005F8491 /* HoverViewUITests */ = {
			isa = PBXGroup;
			children = (
				03DCA86B1FFD421D005F8491 /* HoverViewUITests.swift */,
				03DCA86D1FFD421D005F8491 /* Info.plist */,
			);
			path = HoverViewUITests;
			sourceTree = "<group>";
		};
/* End PBXGroup section */

/* Begin PBXNativeTarget section */
		03DCA8471FFD421D005F8491 /* HoverView */ = {
			isa = PBXNativeTarget;
			buildConfigurationList = 03DCA8701FFD421D005F8491 /* Build configuration list for PBXNativeTarget "HoverView" */;
			buildPhases = (
				03DCA8441FFD421D005F8491 /* Sources */,
				03DCA8451FFD421D005F8491 /* Frameworks */,
				03DCA8461FFD421D005F8491 /* Resources */,
			);
			buildRules = (
			);
			dependencies = (
			);
			name = HoverView;
			productName = HoverView;
			productReference = 03DCA8481FFD421D005F8491 /* HoverView.app */;
			productType = "com.apple.product-type.application";
		};
		03DCA85B1FFD421D005F8491 /* HoverViewTests */ = {
			isa = PBXNativeTarget;
			buildConfigurationList = 03DCA8731FFD421D005F8491 /* Build configuration list for PBXNativeTarget "HoverViewTests" */;
			buildPhases = (
				03DCA8581FFD421D005F8491 /* Sources */,
				03DCA8591FFD421D005F8491 /* Frameworks */,
				03DCA85A1FFD421D005F8491 /* Resources */,
			);
			buildRules = (
			);
			dependencies = (
				03DCA85E1FFD421D005F8491 /* PBXTargetDependency */,
			);
			name = HoverViewTests;
			productName = HoverViewTests;
			productReference = 03DCA85C1FFD421D005F8491 /* HoverViewTests.xctest */;
			productType = "com.apple.product-type.bundle.unit-test";
		};
		03DCA8661FFD421D005F8491 /* HoverViewUITests */ = {
			isa = PBXNativeTarget;
			buildConfigurationList = 03DCA8761FFD421D005F8491 /* Build configuration list for PBXNativeTarget "HoverViewUITests" */;
			buildPhases = (
				03DCA8631FFD421D005F8491 /* Sources */,
				03DCA8641FFD421D005F8491 /* Frameworks */,
				03DCA8651FFD421D005F8491 /* Resources */,
			);
			buildRules = (
			);
			dependencies = (
				03DCA8691FFD421D005F8491 /* PBXTargetDependency */,
			);
			name = HoverViewUITests;
			productName = HoverViewUITests;
			productReference = 03DCA8671FFD421D005F8491 /* HoverViewUITests.xctest */;
			productType = "com.apple.product-type.bundle.ui-testing";
		};
/* End PBXNativeTarget section */

/* Begin PBXProject section */
		03DCA8401FFD421D005F8491 /* Project object */ = {
			isa = PBXProject;
			attributes = {
				LastSwiftUpdateCheck = 0910;
				LastUpgradeCheck = 0910;
				ORGANIZATIONNAME = ndennu;
				TargetAttributes = {
					03DCA8471FFD421D005F8491 = {
						CreatedOnToolsVersion = 9.1;
						ProvisioningStyle = Automatic;
					};
					03DCA85B1FFD421D005F8491 = {
						CreatedOnToolsVersion = 9.1;
						ProvisioningStyle = Automatic;
						TestTargetID = 03DCA8471FFD421D005F8491;
					};
					03DCA8661FFD421D005F8491 = {
						CreatedOnToolsVersion = 9.1;
						ProvisioningStyle = Automatic;
						TestTargetID = 03DCA8471FFD421D005F8491;
					};
				};
			};
			buildConfigurationList = 03DCA8431FFD421D005F8491 /* Build configuration list for PBXProject "HoverView" */;
			compatibilityVersion = "Xcode 8.0";
			developmentRegion = en;
			hasScannedForEncodings = 0;
			knownRegions = (
				en,
				Base,
			);
			mainGroup = 03DCA83F1FFD421D005F8491;
			productRefGroup = 03DCA8491FFD421D005F8491 /* Products */;
			projectDirPath = "";
			projectRoot = "";
			targets = (
				03DCA8471FFD421D005F8491 /* HoverView */,
				03DCA85B1FFD421D005F8491 /* HoverViewTests */,
				03DCA8661FFD421D005F8491 /* HoverViewUITests */,
			);
		};
/* End PBXProject section */

/* Begin PBXResourcesBuildPhase section */
		03DCA8461FFD421D005F8491 /* Resources */ = {
			isa = PBXResourcesBuildPhase;
			buildActionMask = 2147483647;
			files = (
				03DCA8561FFD421D005F8491 /* LaunchScreen.storyboard in Resources */,
				03DCA8531FFD421D005F8491 /* Assets.xcassets in Resources */,
			);
			runOnlyForDeploymentPostprocessing = 0;
		};
		03DCA85A1FFD421D005F8491 /* Resources */ = {
			isa = PBXResourcesBuildPhase;
			buildActionMask = 2147483647;
			files = (
			);
			runOnlyForDeploymentPostprocessing = 0;
		};
		03DCA8651FFD421D005F8491 /* Resources */ = {
			isa = PBXResourcesBuildPhase;
			buildActionMask = 2147483647;
			files = (
			);
			runOnlyForDeploymentPostprocessing = 0;
		};
/* End PBXResourcesBuildPhase section */

/* Begin PBXSourcesBuildPhase section */
		03DCA8441FFD421D005F8491 /* Sources */ = {
			isa = PBXSourcesBuildPhase;
			buildActionMask = 2147483647;
			files = (
				03DCA84C1FFD421D005F8491 /* AppDelegate.swift in Sources */,
				03A4C83E200A34D30003BBE3 /* UIViewController+ChildViewController.swift in Sources */,
				03DCA87A1FFD438F005F8491 /* MainViewController.swift in Sources */,
				03A4C83C200A31670003BBE3 /* HoverViewController.swift in Sources */,
			);
			runOnlyForDeploymentPostprocessing = 0;
		};
		03DCA8581FFD421D005F8491 /* Sources */ = {
			isa = PBXSourcesBuildPhase;
			buildActionMask = 2147483647;
			files = (
				03DCA8611FFD421D005F8491 /* HoverViewTests.swift in Sources */,
			);
			runOnlyForDeploymentPostprocessing = 0;
		};
		03DCA8631FFD421D005F8491 /* Sources */ = {
			isa = PBXSourcesBuildPhase;
			buildActionMask = 2147483647;
			files = (
				03DCA86C1FFD421D005F8491 /* HoverViewUITests.swift in Sources */,
			);
			runOnlyForDeploymentPostprocessing = 0;
		};
/* End PBXSourcesBuildPhase section */

/* Begin PBXTargetDependency section */
		03DCA85E1FFD421D005F8491 /* PBXTargetDependency */ = {
			isa = PBXTargetDependency;
			target = 03DCA8471FFD421D005F8491 /* HoverView */;
			targetProxy = 03DCA85D1FFD421D005F8491 /* PBXContainerItemProxy */;
		};
		03DCA8691FFD421D005F8491 /* PBXTargetDependency */ = {
			isa = PBXTargetDependency;
			target = 03DCA8471FFD421D005F8491 /* HoverView */;
			targetProxy = 03DCA8681FFD421D005F8491 /* PBXContainerItemProxy */;
		};
/* End PBXTargetDependency section */

/* Begin PBXVariantGroup section */
		03DCA8541FFD421D005F8491 /* LaunchScreen.storyboard */ = {
			isa = PBXVariantGroup;
			children = (
				03DCA8551FFD421D005F8491 /* Base */,
			);
			name = LaunchScreen.storyboard;
			sourceTree = "<group>";
		};
/* End PBXVariantGroup section */

/* Begin XCBuildConfiguration section */
		03DCA86E1FFD421D005F8491 /* Debug */ = {
			isa = XCBuildConfiguration;
			buildSettings = {
				ALWAYS_SEARCH_USER_PATHS = NO;
				CLANG_ANALYZER_NONNULL = YES;
				CLANG_ANALYZER_NUMBER_OBJECT_CONVERSION = YES_AGGRESSIVE;
				CLANG_CXX_LANGUAGE_STANDARD = "gnu++14";
				CLANG_CXX_LIBRARY = "libc++";
				CLANG_ENABLE_MODULES = YES;
				CLANG_ENABLE_OBJC_ARC = YES;
				CLANG_WARN_BLOCK_CAPTURE_AUTORELEASING = YES;
				CLANG_WARN_BOOL_CONVERSION = YES;
				CLANG_WARN_COMMA = YES;
				CLANG_WARN_CONSTANT_CONVERSION = YES;
				CLANG_WARN_DIRECT_OBJC_ISA_USAGE = YES_ERROR;
				CLANG_WARN_DOCUMENTATION_COMMENTS = YES;
				CLANG_WARN_EMPTY_BODY = YES;
				CLANG_WARN_ENUM_CONVERSION = YES;
				CLANG_WARN_INFINITE_RECURSION = YES;
				CLANG_WARN_INT_CONVERSION = YES;
				CLANG_WARN_NON_LITERAL_NULL_CONVERSION = YES;
				CLANG_WARN_OBJC_LITERAL_CONVERSION = YES;
				CLANG_WARN_OBJC_ROOT_CLASS = YES_ERROR;
				CLANG_WARN_RANGE_LOOP_ANALYSIS = YES;
				CLANG_WARN_STRICT_PROTOTYPES = YES;
				CLANG_WARN_SUSPICIOUS_MOVE = YES;
				CLANG_WARN_UNGUARDED_AVAILABILITY = YES_AGGRESSIVE;
				CLANG_WARN_UNREACHABLE_CODE = YES;
				CLANG_WARN__DUPLICATE_METHOD_MATCH = YES;
				CODE_SIGN_IDENTITY = "iPhone Developer";
				COPY_PHASE_STRIP = NO;
				DEBUG_INFORMATION_FORMAT = dwarf;
				ENABLE_STRICT_OBJC_MSGSEND = YES;
				ENABLE_TESTABILITY = YES;
				GCC_C_LANGUAGE_STANDARD = gnu11;
				GCC_DYNAMIC_NO_PIC = NO;
				GCC_NO_COMMON_BLOCKS = YES;
				GCC_OPTIMIZATION_LEVEL = 0;
				GCC_PREPROCESSOR_DEFINITIONS = (
					"DEBUG=1",
					"$(inherited)",
				);
				GCC_WARN_64_TO_32_BIT_CONVERSION = YES;
				GCC_WARN_ABOUT_RETURN_TYPE = YES_ERROR;
				GCC_WARN_UNDECLARED_SELECTOR = YES;
				GCC_WARN_UNINITIALIZED_AUTOS = YES_AGGRESSIVE;
				GCC_WARN_UNUSED_FUNCTION = YES;
				GCC_WARN_UNUSED_VARIABLE = YES;
				IPHONEOS_DEPLOYMENT_TARGET = 11.1;
				MTL_ENABLE_DEBUG_INFO = YES;
				ONLY_ACTIVE_ARCH = YES;
				SDKROOT = iphoneos;
				SWIFT_ACTIVE_COMPILATION_CONDITIONS = DEBUG;
				SWIFT_OPTIMIZATION_LEVEL = "-Onone";
			};
			name = Debug;
		};
		03DCA86F1FFD421D005F8491 /* Release */ = {
			isa = XCBuildConfiguration;
			buildSettings = {
				ALWAYS_SEARCH_USER_PATHS = NO;
				CLANG_ANALYZER_NONNULL = YES;
				CLANG_ANALYZER_NUMBER_OBJECT_CONVERSION = YES_AGGRESSIVE;
				CLANG_CXX_LANGUAGE_STANDARD = "gnu++14";
				CLANG_CXX_LIBRARY = "libc++";
				CLANG_ENABLE_MODULES = YES;
				CLANG_ENABLE_OBJC_ARC = YES;
				CLANG_WARN_BLOCK_CAPTURE_AUTORELEASING = YES;
				CLANG_WARN_BOOL_CONVERSION = YES;
				CLANG_WARN_COMMA = YES;
				CLANG_WARN_CONSTANT_CONVERSION = YES;
				CLANG_WARN_DIRECT_OBJC_ISA_USAGE = YES_ERROR;
				CLANG_WARN_DOCUMENTATION_COMMENTS = YES;
				CLANG_WARN_EMPTY_BODY = YES;
				CLANG_WARN_ENUM_CONVERSION = YES;
				CLANG_WARN_INFINITE_RECURSION = YES;
				CLANG_WARN_INT_CONVERSION = YES;
				CLANG_WARN_NON_LITERAL_NULL_CONVERSION = YES;
				CLANG_WARN_OBJC_LITERAL_CONVERSION = YES;
				CLANG_WARN_OBJC_ROOT_CLASS = YES_ERROR;
				CLANG_WARN_RANGE_LOOP_ANALYSIS = YES;
				CLANG_WARN_STRICT_PROTOTYPES = YES;
				CLANG_WARN_SUSPICIOUS_MOVE = YES;
				CLANG_WARN_UNGUARDED_AVAILABILITY = YES_AGGRESSIVE;
				CLANG_WARN_UNREACHABLE_CODE = YES;
				CLANG_WARN__DUPLICATE_METHOD_MATCH = YES;
				CODE_SIGN_IDENTITY = "iPhone Developer";
				COPY_PHASE_STRIP = NO;
				DEBUG_INFORMATION_FORMAT = "dwarf-with-dsym";
				ENABLE_NS_ASSERTIONS = NO;
				ENABLE_STRICT_OBJC_MSGSEND = YES;
				GCC_C_LANGUAGE_STANDARD = gnu11;
				GCC_NO_COMMON_BLOCKS = YES;
				GCC_WARN_64_TO_32_BIT_CONVERSION = YES;
				GCC_WARN_ABOUT_RETURN_TYPE = YES_ERROR;
				GCC_WARN_UNDECLARED_SELECTOR = YES;
				GCC_WARN_UNINITIALIZED_AUTOS = YES_AGGRESSIVE;
				GCC_WARN_UNUSED_FUNCTION = YES;
				GCC_WARN_UNUSED_VARIABLE = YES;
				IPHONEOS_DEPLOYMENT_TARGET = 11.1;
				MTL_ENABLE_DEBUG_INFO = NO;
				SDKROOT = iphoneos;
				SWIFT_OPTIMIZATION_LEVEL = "-Owholemodule";
				VALIDATE_PRODUCT = YES;
			};
			name = Release;
		};
		03DCA8711FFD421D005F8491 /* Debug */ = {
			isa = XCBuildConfiguration;
			buildSettings = {
				ASSETCATALOG_COMPILER_APPICON_NAME = AppIcon;
				CODE_SIGN_STYLE = Automatic;
				DEVELOPMENT_TEAM = 224JCRSJZR;
				INFOPLIST_FILE = HoverView/Info.plist;
				LD_RUNPATH_SEARCH_PATHS = "$(inherited) @executable_path/Frameworks";
				PRODUCT_BUNDLE_IDENTIFIER = com.rjeya.HoverView;
				PRODUCT_NAME = "$(TARGET_NAME)";
				SWIFT_VERSION = 4.0;
				TARGETED_DEVICE_FAMILY = "1,2";
			};
			name = Debug;
		};
		03DCA8721FFD421D005F8491 /* Release */ = {
			isa = XCBuildConfiguration;
			buildSettings = {
				ASSETCATALOG_COMPILER_APPICON_NAME = AppIcon;
				CODE_SIGN_STYLE = Automatic;
				DEVELOPMENT_TEAM = 224JCRSJZR;
				INFOPLIST_FILE = HoverView/Info.plist;
				LD_RUNPATH_SEARCH_PATHS = "$(inherited) @executable_path/Frameworks";
				PRODUCT_BUNDLE_IDENTIFIER = com.rjeya.HoverView;
				PRODUCT_NAME = "$(TARGET_NAME)";
				SWIFT_VERSION = 4.0;
				TARGETED_DEVICE_FAMILY = "1,2";
			};
			name = Release;
		};
		03DCA8741FFD421D005F8491 /* Debug */ = {
			isa = XCBuildConfiguration;
			buildSettings = {
				ALWAYS_EMBED_SWIFT_STANDARD_LIBRARIES = YES;
				BUNDLE_LOADER = "$(TEST_HOST)";
				CODE_SIGN_STYLE = Automatic;
				INFOPLIST_FILE = HoverViewTests/Info.plist;
				LD_RUNPATH_SEARCH_PATHS = "$(inherited) @executable_path/Frameworks @loader_path/Frameworks";
				PRODUCT_BUNDLE_IDENTIFIER = com.ndennu.HoverViewTests;
				PRODUCT_NAME = "$(TARGET_NAME)";
				SWIFT_VERSION = 4.0;
				TARGETED_DEVICE_FAMILY = "1,2";
				TEST_HOST = "$(BUILT_PRODUCTS_DIR)/HoverView.app/HoverView";
			};
			name = Debug;
		};
		03DCA8751FFD421D005F8491 /* Release */ = {
			isa = XCBuildConfiguration;
			buildSettings = {
				ALWAYS_EMBED_SWIFT_STANDARD_LIBRARIES = YES;
				BUNDLE_LOADER = "$(TEST_HOST)";
				CODE_SIGN_STYLE = Automatic;
				INFOPLIST_FILE = HoverViewTests/Info.plist;
				LD_RUNPATH_SEARCH_PATHS = "$(inherited) @executable_path/Frameworks @loader_path/Frameworks";
				PRODUCT_BUNDLE_IDENTIFIER = com.ndennu.HoverViewTests;
				PRODUCT_NAME = "$(TARGET_NAME)";
				SWIFT_VERSION = 4.0;
				TARGETED_DEVICE_FAMILY = "1,2";
				TEST_HOST = "$(BUILT_PRODUCTS_DIR)/HoverView.app/HoverView";
			};
			name = Release;
		};
		03DCA8771FFD421D005F8491 /* Debug */ = {
			isa = XCBuildConfiguration;
			buildSettings = {
				ALWAYS_EMBED_SWIFT_STANDARD_LIBRARIES = YES;
				CODE_SIGN_STYLE = Automatic;
				INFOPLIST_FILE = HoverViewUITests/Info.plist;
				LD_RUNPATH_SEARCH_PATHS = "$(inherited) @executable_path/Frameworks @loader_path/Frameworks";
				PRODUCT_BUNDLE_IDENTIFIER = com.ndennu.HoverViewUITests;
				PRODUCT_NAME = "$(TARGET_NAME)";
				SWIFT_VERSION = 4.0;
				TARGETED_DEVICE_FAMILY = "1,2";
				TEST_TARGET_NAME = HoverView;
			};
			name = Debug;
		};
		03DCA8781FFD421D005F8491 /* Release */ = {
			isa = XCBuildConfiguration;
			buildSettings = {
				ALWAYS_EMBED_SWIFT_STANDARD_LIBRARIES = YES;
				CODE_SIGN_STYLE = Automatic;
				INFOPLIST_FILE = HoverViewUITests/Info.plist;
				LD_RUNPATH_SEARCH_PATHS = "$(inherited) @executable_path/Frameworks @loader_path/Frameworks";
				PRODUCT_BUNDLE_IDENTIFIER = com.ndennu.HoverViewUITests;
				PRODUCT_NAME = "$(TARGET_NAME)";
				SWIFT_VERSION = 4.0;
				TARGETED_DEVICE_FAMILY = "1,2";
				TEST_TARGET_NAME = HoverView;
			};
			name = Release;
		};
/* End XCBuildConfiguration section */

/* Begin XCConfigurationList section */
		03DCA8431FFD421D005F8491 /* Build configuration list for PBXProject "HoverView" */ = {
			isa = XCConfigurationList;
			buildConfigurations = (
				03DCA86E1FFD421D005F8491 /* Debug */,
				03DCA86F1FFD421D005F8491 /* Release */,
			);
			defaultConfigurationIsVisible = 0;
			defaultConfigurationName = Release;
		};
		03DCA8701FFD421D005F8491 /* Build configuration list for PBXNativeTarget "HoverView" */ = {
			isa = XCConfigurationList;
			buildConfigurations = (
				03DCA8711FFD421D005F8491 /* Debug */,
				03DCA8721FFD421D005F8491 /* Release */,
			);
			defaultConfigurationIsVisible = 0;
			defaultConfigurationName = Release;
		};
		03DCA8731FFD421D005F8491 /* Build configuration list for PBXNativeTarget "HoverViewTests" */ = {
			isa = XCConfigurationList;
			buildConfigurations = (
				03DCA8741FFD421D005F8491 /* Debug */,
				03DCA8751FFD421D005F8491 /* Release */,
			);
			defaultConfigurationIsVisible = 0;
			defaultConfigurationName = Release;
		};
		03DCA8761FFD421D005F8491 /* Build configuration list for PBXNativeTarget "HoverViewUITests" */ = {
			isa = XCConfigurationList;
			buildConfigurations = (
				03DCA8771FFD421D005F8491 /* Debug */,
				03DCA8781FFD421D005F8491 /* Release */,
			);
			defaultConfigurationIsVisible = 0;
			defaultConfigurationName = Release;
		};
/* End XCConfigurationList section */
	};
	rootObject = 03DCA8401FFD421D005F8491 /* Project object */;
}
